
Microsoft Visual Studio Solution File, Format Version 12.00
# Visual Studio Version 16
VisualStudioVersion = 16.0.30413.136
MinimumVisualStudioVersion = 10.0.40219.1
Project("{FAE04EC0-301F-11D3-BF4B-00C04F79EFBC}") = "EpicBattle", "EpicBattle\EpicBattle.csproj", "{C99D888E-C28E-4F5B-8329-1FBAC9E37D5D}"
EndProject
Global
	GlobalSection(SolutionConfigurationPlatforms) = preSolution
		Debug|Any CPU = Debug|Any CPU
		Release|Any CPU = Release|Any CPU
	EndGlobalSection
	GlobalSection(ProjectConfigurationPlatforms) = postSolution
		{C99D888E-C28E-4F5B-8329-1FBAC9E37D5D}.Debug|Any CPU.ActiveCfg = Debug|Any CPU
		{C99D888E-C28E-4F5B-8329-1FBAC9E37D5D}.Debug|Any CPU.Build.0 = Debug|Any CPU
		{C99D888E-C28E-4F5B-8329-1FBAC9E37D5D}.Release|Any CPU.ActiveCfg = Release|Any CPU
		{C99D888E-C28E-4F5B-8329-1FBAC9E37D5D}.Release|Any CPU.Build.0 = Release|Any CPU
	EndGlobalSection
	GlobalSection(SolutionProperties) = preSolution
		HideSolutionNode = FALSE
	EndGlobalSection
	GlobalSection(ExtensibilityGlobals) = postSolution
		SolutionGuid = {E41E0D2A-04A7-482A-961A-0B122E53CFDF}
	EndGlobalSection
EndGlobal
